// !$*UTF8*$!
{
	archiveVersion = 1;
	classes = {
	};
	objectVersion = 46;
	objects = {

/* Begin PBXBuildFile section */
		B32D6EEF1D5AD89700458D92 /* AppDelegate.swift in Sources */ = {isa = PBXBuildFile; fileRef = B32D6EEE1D5AD89700458D92 /* AppDelegate.swift */; };
		B32D6EF41D5AD89700458D92 /* Main.storyboard in Resources */ = {isa = PBXBuildFile; fileRef = B32D6EF21D5AD89700458D92 /* Main.storyboard */; };
		B32D6EF61D5AD89700458D92 /* Assets.xcassets in Resources */ = {isa = PBXBuildFile; fileRef = B32D6EF51D5AD89700458D92 /* Assets.xcassets */; };
		B32D6EF91D5AD89700458D92 /* LaunchScreen.storyboard in Resources */ = {isa = PBXBuildFile; fileRef = B32D6EF71D5AD89700458D92 /* LaunchScreen.storyboard */; };
		B32D6F0B1D5ADB9D00458D92 /* BootstrapDataManager.swift in Sources */ = {isa = PBXBuildFile; fileRef = B32D6F071D5ADB9D00458D92 /* BootstrapDataManager.swift */; };
		B32D6F0C1D5ADB9D00458D92 /* BootstrapInteractor.swift in Sources */ = {isa = PBXBuildFile; fileRef = B32D6F081D5ADB9D00458D92 /* BootstrapInteractor.swift */; };
		B32D6F0D1D5ADB9D00458D92 /* BootstrapPresenter.swift in Sources */ = {isa = PBXBuildFile; fileRef = B32D6F091D5ADB9D00458D92 /* BootstrapPresenter.swift */; };
		B32D6F0E1D5ADB9D00458D92 /* BootstrapView.swift in Sources */ = {isa = PBXBuildFile; fileRef = B32D6F0A1D5ADB9D00458D92 /* BootstrapView.swift */; };
		B32D6F121D5ADCBF00458D92 /* Routable.swift in Sources */ = {isa = PBXBuildFile; fileRef = B32D6F111D5ADCBF00458D92 /* Routable.swift */; };
		B32D6F141D5ADCDE00458D92 /* RootWireframe.swift in Sources */ = {isa = PBXBuildFile; fileRef = B32D6F131D5ADCDE00458D92 /* RootWireframe.swift */; };
		B32D6F421D5AE1E800458D92 /* BackendAPIRequest.swift in Sources */ = {isa = PBXBuildFile; fileRef = B32D6F281D5AE1E800458D92 /* BackendAPIRequest.swift */; };
		B32D6F431D5AE1E800458D92 /* BackendConfiguration.swift in Sources */ = {isa = PBXBuildFile; fileRef = B32D6F291D5AE1E800458D92 /* BackendConfiguration.swift */; };
		B32D6F441D5AE1E800458D92 /* BackendService.swift in Sources */ = {isa = PBXBuildFile; fileRef = B32D6F2A1D5AE1E800458D92 /* BackendService.swift */; };
		B32D6F451D5AE1E800458D92 /* ServiceOperation.swift in Sources */ = {isa = PBXBuildFile; fileRef = B32D6F2B1D5AE1E800458D92 /* ServiceOperation.swift */; };
		B32D6F461D5AE1E800458D92 /* ArrayResponseMapper.swift in Sources */ = {isa = PBXBuildFile; fileRef = B32D6F2D1D5AE1E800458D92 /* ArrayResponseMapper.swift */; };
		B32D6F481D5AE1E800458D92 /* NetworkOperation.swift in Sources */ = {isa = PBXBuildFile; fileRef = B32D6F301D5AE1E800458D92 /* NetworkOperation.swift */; };
		B32D6F491D5AE1E800458D92 /* NetworkQueue.swift in Sources */ = {isa = PBXBuildFile; fileRef = B32D6F311D5AE1E800458D92 /* NetworkQueue.swift */; };
		B32D6F4A1D5AE1E800458D92 /* NetworkService.swift in Sources */ = {isa = PBXBuildFile; fileRef = B32D6F321D5AE1E800458D92 /* NetworkService.swift */; };
		B32D6F4B1D5AE1E800458D92 /* NSError+Failure.swift in Sources */ = {isa = PBXBuildFile; fileRef = B32D6F341D5AE1E800458D92 /* NSError+Failure.swift */; };
		B32D6F4C1D5AE1E800458D92 /* ParsedItem.swift in Sources */ = {isa = PBXBuildFile; fileRef = B32D6F361D5AE1E800458D92 /* ParsedItem.swift */; };
		B32D6F4D1D5AE1E800458D92 /* SignInItem.swift in Sources */ = {isa = PBXBuildFile; fileRef = B32D6F371D5AE1E800458D92 /* SignInItem.swift */; };
		B32D6F4F1D5AE1E800458D92 /* ResponseMapper.swift in Sources */ = {isa = PBXBuildFile; fileRef = B32D6F3A1D5AE1E800458D92 /* ResponseMapper.swift */; };
		B32D6F501D5AE1E800458D92 /* SignInResponseMapper.swift in Sources */ = {isa = PBXBuildFile; fileRef = B32D6F3B1D5AE1E800458D92 /* SignInResponseMapper.swift */; };
		B32D6F511D5AE1E800458D92 /* SignInOperation.swift in Sources */ = {isa = PBXBuildFile; fileRef = B32D6F3D1D5AE1E800458D92 /* SignInOperation.swift */; };
		B32D6F531D5AE1E800458D92 /* SignInRequest.swift in Sources */ = {isa = PBXBuildFile; fileRef = B32D6F401D5AE1E800458D92 /* SignInRequest.swift */; };
		B32D6F561D5AE22400458D92 /* NetworkLayerConfiguration.swift in Sources */ = {isa = PBXBuildFile; fileRef = B32D6F551D5AE22400458D92 /* NetworkLayerConfiguration.swift */; };
		B32D6F581D5B315000458D92 /* ProjectsRetrivalOperation.swift in Sources */ = {isa = PBXBuildFile; fileRef = B32D6F571D5B315000458D92 /* ProjectsRetrivalOperation.swift */; };
		B32D6F5A1D5B32AC00458D92 /* ProjectsRetrivalRequest.swift in Sources */ = {isa = PBXBuildFile; fileRef = B32D6F591D5B32AC00458D92 /* ProjectsRetrivalRequest.swift */; };
		B32D6F5C1D5B33C900458D92 /* ProjectsRetrivalResponseMapper.swift in Sources */ = {isa = PBXBuildFile; fileRef = B32D6F5B1D5B33C800458D92 /* ProjectsRetrivalResponseMapper.swift */; };
		B32D6F5E1D5B348300458D92 /* ProjectItem.swift in Sources */ = {isa = PBXBuildFile; fileRef = B32D6F5D1D5B348300458D92 /* ProjectItem.swift */; };
		B32D6F601D5B3DD000458D92 /* BackendAuth.swift in Sources */ = {isa = PBXBuildFile; fileRef = B32D6F5F1D5B3DD000458D92 /* BackendAuth.swift */; };
		B32D6F621D5B545400458D92 /* ProjectTaskformItem.swift in Sources */ = {isa = PBXBuildFile; fileRef = B32D6F611D5B545400458D92 /* ProjectTaskformItem.swift */; };
		B32D6F641D5B54A900458D92 /* ProjectTaskformsResponseMapper.swift in Sources */ = {isa = PBXBuildFile; fileRef = B32D6F631D5B54A900458D92 /* ProjectTaskformsResponseMapper.swift */; };
		B32D6F661D5B54EE00458D92 /* ProjectTaskformsRequest.swift in Sources */ = {isa = PBXBuildFile; fileRef = B32D6F651D5B54EE00458D92 /* ProjectTaskformsRequest.swift */; };
		B32D6F681D5B558C00458D92 /* ProjectTaskformsOperation.swift in Sources */ = {isa = PBXBuildFile; fileRef = B32D6F671D5B558C00458D92 /* ProjectTaskformsOperation.swift */; };
		B32D6F6B1D5B6B9900458D92 /* SubmissionListView.swift in Sources */ = {isa = PBXBuildFile; fileRef = B32D6F6A1D5B6B9900458D92 /* SubmissionListView.swift */; };
		B32D6F6D1D5B6BAE00458D92 /* SubmissionListPresenter.swift in Sources */ = {isa = PBXBuildFile; fileRef = B32D6F6C1D5B6BAE00458D92 /* SubmissionListPresenter.swift */; };
		B32D6F6F1D5B6BDC00458D92 /* SubmissionListInteractor.swift in Sources */ = {isa = PBXBuildFile; fileRef = B32D6F6E1D5B6BDC00458D92 /* SubmissionListInteractor.swift */; };
		B32D6F711D5B6C0000458D92 /* SubmissionListDataManager.swift in Sources */ = {isa = PBXBuildFile; fileRef = B32D6F701D5B6C0000458D92 /* SubmissionListDataManager.swift */; };
		B32D6F731D5CAFF300458D92 /* ProjectTaskformsListView.swift in Sources */ = {isa = PBXBuildFile; fileRef = B32D6F721D5CAFF300458D92 /* ProjectTaskformsListView.swift */; };
		B32D6F751D5DEAB300458D92 /* ProjectTaskformQuestionsRequest.swift in Sources */ = {isa = PBXBuildFile; fileRef = B32D6F741D5DEAB300458D92 /* ProjectTaskformQuestionsRequest.swift */; };
		B32D6F771D5DEAC700458D92 /* ProjectTaskformSubmissionsRequest.swift in Sources */ = {isa = PBXBuildFile; fileRef = B32D6F761D5DEAC700458D92 /* ProjectTaskformSubmissionsRequest.swift */; };
		B32D6F7F1D5DF16200458D92 /* ProjectTaskformQuestionItem.swift in Sources */ = {isa = PBXBuildFile; fileRef = B32D6F7E1D5DF16200458D92 /* ProjectTaskformQuestionItem.swift */; };
		B32D6F831D5DF9C000458D92 /* ProjectTaskformQuestionsMapper.swift in Sources */ = {isa = PBXBuildFile; fileRef = B32D6F821D5DF9C000458D92 /* ProjectTaskformQuestionsMapper.swift */; };
		B32D6F851D5DFF2E00458D92 /* ProjectTaskformsWithQuestionsResponseMapper.swift in Sources */ = {isa = PBXBuildFile; fileRef = B32D6F841D5DFF2E00458D92 /* ProjectTaskformsWithQuestionsResponseMapper.swift */; };
		B32D6F871D5DFFF700458D92 /* ProjectTaskformWithQuestionsOperation.swift in Sources */ = {isa = PBXBuildFile; fileRef = B32D6F861D5DFFF700458D92 /* ProjectTaskformWithQuestionsOperation.swift */; };
		B32D6F891D5E0A7E00458D92 /* ProjectTaskformSubmissionItem.swift in Sources */ = {isa = PBXBuildFile; fileRef = B32D6F881D5E0A7E00458D92 /* ProjectTaskformSubmissionItem.swift */; };
		B32D6F8B1D5E0ACC00458D92 /* ProjectTaskformAnswerItem.swift in Sources */ = {isa = PBXBuildFile; fileRef = B32D6F8A1D5E0ACC00458D92 /* ProjectTaskformAnswerItem.swift */; };
		B32D6F8D1D5E0C2E00458D92 /* ProjectTaskformAnswersMapper.swift in Sources */ = {isa = PBXBuildFile; fileRef = B32D6F8C1D5E0C2E00458D92 /* ProjectTaskformAnswersMapper.swift */; };
		B32D6F8F1D5E0E1500458D92 /* ProjectTaskformSubmissionsMapper.swift in Sources */ = {isa = PBXBuildFile; fileRef = B32D6F8E1D5E0E1500458D92 /* ProjectTaskformSubmissionsMapper.swift */; };
		B32D6F911D5E0EBE00458D92 /* ProjectTaskformSubmissionsOperation.swift in Sources */ = {isa = PBXBuildFile; fileRef = B32D6F901D5E0EBE00458D92 /* ProjectTaskformSubmissionsOperation.swift */; };
/* End PBXBuildFile section */

/* Begin PBXFileReference section */
		B32D6EEB1D5AD89700458D92 /* Vilhelmina.app */ = {isa = PBXFileReference; explicitFileType = wrapper.application; includeInIndex = 0; path = Vilhelmina.app; sourceTree = BUILT_PRODUCTS_DIR; };
		B32D6EEE1D5AD89700458D92 /* AppDelegate.swift */ = {isa = PBXFileReference; lastKnownFileType = sourcecode.swift; name = AppDelegate.swift; path = Common/AppDelegate.swift; sourceTree = "<group>"; };
		B32D6EF31D5AD89700458D92 /* Base */ = {isa = PBXFileReference; lastKnownFileType = file.storyboard; name = Base; path = Base.lproj/Main.storyboard; sourceTree = "<group>"; };
		B32D6EF51D5AD89700458D92 /* Assets.xcassets */ = {isa = PBXFileReference; lastKnownFileType = folder.assetcatalog; name = Assets.xcassets; path = Common/Assets/Assets.xcassets; sourceTree = "<group>"; };
		B32D6EF81D5AD89700458D92 /* Base */ = {isa = PBXFileReference; lastKnownFileType = file.storyboard; name = Base; path = Base.lproj/LaunchScreen.storyboard; sourceTree = "<group>"; };
		B32D6EFA1D5AD89700458D92 /* Info.plist */ = {isa = PBXFileReference; lastKnownFileType = text.plist.xml; name = Info.plist; path = "Supporting Files/Info.plist"; sourceTree = "<group>"; };
		B32D6F071D5ADB9D00458D92 /* BootstrapDataManager.swift */ = {isa = PBXFileReference; fileEncoding = 4; lastKnownFileType = sourcecode.swift; name = BootstrapDataManager.swift; path = Modules/Bootstrap/BootstrapDataManager.swift; sourceTree = "<group>"; };
		B32D6F081D5ADB9D00458D92 /* BootstrapInteractor.swift */ = {isa = PBXFileReference; fileEncoding = 4; lastKnownFileType = sourcecode.swift; name = BootstrapInteractor.swift; path = Modules/Bootstrap/BootstrapInteractor.swift; sourceTree = "<group>"; };
		B32D6F091D5ADB9D00458D92 /* BootstrapPresenter.swift */ = {isa = PBXFileReference; fileEncoding = 4; lastKnownFileType = sourcecode.swift; name = BootstrapPresenter.swift; path = Modules/Bootstrap/BootstrapPresenter.swift; sourceTree = "<group>"; };
		B32D6F0A1D5ADB9D00458D92 /* BootstrapView.swift */ = {isa = PBXFileReference; fileEncoding = 4; lastKnownFileType = sourcecode.swift; name = BootstrapView.swift; path = Modules/Bootstrap/BootstrapView.swift; sourceTree = "<group>"; };
		B32D6F111D5ADCBF00458D92 /* Routable.swift */ = {isa = PBXFileReference; fileEncoding = 4; lastKnownFileType = sourcecode.swift; name = Routable.swift; path = Common/Protocols/Routable.swift; sourceTree = "<group>"; };
		B32D6F131D5ADCDE00458D92 /* RootWireframe.swift */ = {isa = PBXFileReference; fileEncoding = 4; lastKnownFileType = sourcecode.swift; name = RootWireframe.swift; path = Common/RootWireframe.swift; sourceTree = "<group>"; };
		B32D6F281D5AE1E800458D92 /* BackendAPIRequest.swift */ = {isa = PBXFileReference; fileEncoding = 4; lastKnownFileType = sourcecode.swift; path = BackendAPIRequest.swift; sourceTree = "<group>"; };
		B32D6F291D5AE1E800458D92 /* BackendConfiguration.swift */ = {isa = PBXFileReference; fileEncoding = 4; lastKnownFileType = sourcecode.swift; path = BackendConfiguration.swift; sourceTree = "<group>"; };
		B32D6F2A1D5AE1E800458D92 /* BackendService.swift */ = {isa = PBXFileReference; fileEncoding = 4; lastKnownFileType = sourcecode.swift; path = BackendService.swift; sourceTree = "<group>"; };
		B32D6F2B1D5AE1E800458D92 /* ServiceOperation.swift */ = {isa = PBXFileReference; fileEncoding = 4; lastKnownFileType = sourcecode.swift; path = ServiceOperation.swift; sourceTree = "<group>"; };
		B32D6F2D1D5AE1E800458D92 /* ArrayResponseMapper.swift */ = {isa = PBXFileReference; fileEncoding = 4; lastKnownFileType = sourcecode.swift; path = ArrayResponseMapper.swift; sourceTree = "<group>"; };
		B32D6F2E1D5AE1E800458D92 /* ResponseMapper.swift */ = {isa = PBXFileReference; fileEncoding = 4; lastKnownFileType = sourcecode.swift; path = ResponseMapper.swift; sourceTree = "<group>"; };
		B32D6F301D5AE1E800458D92 /* NetworkOperation.swift */ = {isa = PBXFileReference; fileEncoding = 4; lastKnownFileType = sourcecode.swift; path = NetworkOperation.swift; sourceTree = "<group>"; };
		B32D6F311D5AE1E800458D92 /* NetworkQueue.swift */ = {isa = PBXFileReference; fileEncoding = 4; lastKnownFileType = sourcecode.swift; path = NetworkQueue.swift; sourceTree = "<group>"; };
		B32D6F321D5AE1E800458D92 /* NetworkService.swift */ = {isa = PBXFileReference; fileEncoding = 4; lastKnownFileType = sourcecode.swift; path = NetworkService.swift; sourceTree = "<group>"; };
		B32D6F341D5AE1E800458D92 /* NSError+Failure.swift */ = {isa = PBXFileReference; fileEncoding = 4; lastKnownFileType = sourcecode.swift; path = "NSError+Failure.swift"; sourceTree = "<group>"; };
		B32D6F361D5AE1E800458D92 /* ParsedItem.swift */ = {isa = PBXFileReference; fileEncoding = 4; lastKnownFileType = sourcecode.swift; path = ParsedItem.swift; sourceTree = "<group>"; };
		B32D6F371D5AE1E800458D92 /* SignInItem.swift */ = {isa = PBXFileReference; fileEncoding = 4; lastKnownFileType = sourcecode.swift; path = SignInItem.swift; sourceTree = "<group>"; };
		B32D6F3A1D5AE1E800458D92 /* ResponseMapper.swift */ = {isa = PBXFileReference; fileEncoding = 4; lastKnownFileType = sourcecode.swift; path = ResponseMapper.swift; sourceTree = "<group>"; };
		B32D6F3B1D5AE1E800458D92 /* SignInResponseMapper.swift */ = {isa = PBXFileReference; fileEncoding = 4; lastKnownFileType = sourcecode.swift; path = SignInResponseMapper.swift; sourceTree = "<group>"; };
		B32D6F3D1D5AE1E800458D92 /* SignInOperation.swift */ = {isa = PBXFileReference; fileEncoding = 4; lastKnownFileType = sourcecode.swift; path = SignInOperation.swift; sourceTree = "<group>"; };
		B32D6F401D5AE1E800458D92 /* SignInRequest.swift */ = {isa = PBXFileReference; fileEncoding = 4; lastKnownFileType = sourcecode.swift; path = SignInRequest.swift; sourceTree = "<group>"; };
		B32D6F551D5AE22400458D92 /* NetworkLayerConfiguration.swift */ = {isa = PBXFileReference; fileEncoding = 4; lastKnownFileType = sourcecode.swift; name = NetworkLayerConfiguration.swift; path = Common/NetworkLayerConfiguration.swift; sourceTree = "<group>"; };
		B32D6F571D5B315000458D92 /* ProjectsRetrivalOperation.swift */ = {isa = PBXFileReference; fileEncoding = 4; lastKnownFileType = sourcecode.swift; path = ProjectsRetrivalOperation.swift; sourceTree = "<group>"; };
		B32D6F591D5B32AC00458D92 /* ProjectsRetrivalRequest.swift */ = {isa = PBXFileReference; fileEncoding = 4; lastKnownFileType = sourcecode.swift; path = ProjectsRetrivalRequest.swift; sourceTree = "<group>"; };
		B32D6F5B1D5B33C800458D92 /* ProjectsRetrivalResponseMapper.swift */ = {isa = PBXFileReference; fileEncoding = 4; lastKnownFileType = sourcecode.swift; path = ProjectsRetrivalResponseMapper.swift; sourceTree = "<group>"; };
		B32D6F5D1D5B348300458D92 /* ProjectItem.swift */ = {isa = PBXFileReference; fileEncoding = 4; lastKnownFileType = sourcecode.swift; path = ProjectItem.swift; sourceTree = "<group>"; };
		B32D6F5F1D5B3DD000458D92 /* BackendAuth.swift */ = {isa = PBXFileReference; fileEncoding = 4; lastKnownFileType = sourcecode.swift; path = BackendAuth.swift; sourceTree = "<group>"; };
		B32D6F611D5B545400458D92 /* ProjectTaskformItem.swift */ = {isa = PBXFileReference; fileEncoding = 4; lastKnownFileType = sourcecode.swift; path = ProjectTaskformItem.swift; sourceTree = "<group>"; };
		B32D6F631D5B54A900458D92 /* ProjectTaskformsResponseMapper.swift */ = {isa = PBXFileReference; fileEncoding = 4; lastKnownFileType = sourcecode.swift; path = ProjectTaskformsResponseMapper.swift; sourceTree = "<group>"; };
		B32D6F651D5B54EE00458D92 /* ProjectTaskformsRequest.swift */ = {isa = PBXFileReference; fileEncoding = 4; lastKnownFileType = sourcecode.swift; path = ProjectTaskformsRequest.swift; sourceTree = "<group>"; };
		B32D6F671D5B558C00458D92 /* ProjectTaskformsOperation.swift */ = {isa = PBXFileReference; fileEncoding = 4; lastKnownFileType = sourcecode.swift; path = ProjectTaskformsOperation.swift; sourceTree = "<group>"; };
		B32D6F6A1D5B6B9900458D92 /* SubmissionListView.swift */ = {isa = PBXFileReference; fileEncoding = 4; lastKnownFileType = sourcecode.swift; name = SubmissionListView.swift; path = Modules/SubmissionList/SubmissionListView.swift; sourceTree = "<group>"; };
		B32D6F6C1D5B6BAE00458D92 /* SubmissionListPresenter.swift */ = {isa = PBXFileReference; fileEncoding = 4; lastKnownFileType = sourcecode.swift; name = SubmissionListPresenter.swift; path = Modules/SubmissionList/SubmissionListPresenter.swift; sourceTree = "<group>"; };
		B32D6F6E1D5B6BDC00458D92 /* SubmissionListInteractor.swift */ = {isa = PBXFileReference; fileEncoding = 4; lastKnownFileType = sourcecode.swift; name = SubmissionListInteractor.swift; path = Modules/SubmissionList/SubmissionListInteractor.swift; sourceTree = "<group>"; };
		B32D6F701D5B6C0000458D92 /* SubmissionListDataManager.swift */ = {isa = PBXFileReference; fileEncoding = 4; lastKnownFileType = sourcecode.swift; name = SubmissionListDataManager.swift; path = Modules/SubmissionList/SubmissionListDataManager.swift; sourceTree = "<group>"; };
		B32D6F721D5CAFF300458D92 /* ProjectTaskformsListView.swift */ = {isa = PBXFileReference; fileEncoding = 4; lastKnownFileType = sourcecode.swift; name = ProjectTaskformsListView.swift; path = Modules/SubmissionList/ProjectTaskformsListView.swift; sourceTree = "<group>"; };
		B32D6F741D5DEAB300458D92 /* ProjectTaskformQuestionsRequest.swift */ = {isa = PBXFileReference; fileEncoding = 4; lastKnownFileType = sourcecode.swift; path = ProjectTaskformQuestionsRequest.swift; sourceTree = "<group>"; };
		B32D6F761D5DEAC700458D92 /* ProjectTaskformSubmissionsRequest.swift */ = {isa = PBXFileReference; fileEncoding = 4; lastKnownFileType = sourcecode.swift; path = ProjectTaskformSubmissionsRequest.swift; sourceTree = "<group>"; };
		B32D6F7E1D5DF16200458D92 /* ProjectTaskformQuestionItem.swift */ = {isa = PBXFileReference; fileEncoding = 4; lastKnownFileType = sourcecode.swift; path = ProjectTaskformQuestionItem.swift; sourceTree = "<group>"; };
		B32D6F821D5DF9C000458D92 /* ProjectTaskformQuestionsMapper.swift */ = {isa = PBXFileReference; fileEncoding = 4; lastKnownFileType = sourcecode.swift; path = ProjectTaskformQuestionsMapper.swift; sourceTree = "<group>"; };
		B32D6F841D5DFF2E00458D92 /* ProjectTaskformsWithQuestionsResponseMapper.swift */ = {isa = PBXFileReference; fileEncoding = 4; lastKnownFileType = sourcecode.swift; path = ProjectTaskformsWithQuestionsResponseMapper.swift; sourceTree = "<group>"; };
		B32D6F861D5DFFF700458D92 /* ProjectTaskformWithQuestionsOperation.swift */ = {isa = PBXFileReference; fileEncoding = 4; lastKnownFileType = sourcecode.swift; path = ProjectTaskformWithQuestionsOperation.swift; sourceTree = "<group>"; };
		B32D6F881D5E0A7E00458D92 /* ProjectTaskformSubmissionItem.swift */ = {isa = PBXFileReference; fileEncoding = 4; lastKnownFileType = sourcecode.swift; path = ProjectTaskformSubmissionItem.swift; sourceTree = "<group>"; };
		B32D6F8A1D5E0ACC00458D92 /* ProjectTaskformAnswerItem.swift */ = {isa = PBXFileReference; fileEncoding = 4; lastKnownFileType = sourcecode.swift; path = ProjectTaskformAnswerItem.swift; sourceTree = "<group>"; };
		B32D6F8C1D5E0C2E00458D92 /* ProjectTaskformAnswersMapper.swift */ = {isa = PBXFileReference; fileEncoding = 4; lastKnownFileType = sourcecode.swift; path = ProjectTaskformAnswersMapper.swift; sourceTree = "<group>"; };
		B32D6F8E1D5E0E1500458D92 /* ProjectTaskformSubmissionsMapper.swift */ = {isa = PBXFileReference; fileEncoding = 4; lastKnownFileType = sourcecode.swift; path = ProjectTaskformSubmissionsMapper.swift; sourceTree = "<group>"; };
		B32D6F901D5E0EBE00458D92 /* ProjectTaskformSubmissionsOperation.swift */ = {isa = PBXFileReference; fileEncoding = 4; lastKnownFileType = sourcecode.swift; path = ProjectTaskformSubmissionsOperation.swift; sourceTree = "<group>"; };
/* End PBXFileReference section */

/* Begin PBXFrameworksBuildPhase section */
		B32D6EE81D5AD89700458D92 /* Frameworks */ = {
			isa = PBXFrameworksBuildPhase;
			buildActionMask = 2147483647;
			files = (
			);
			runOnlyForDeploymentPostprocessing = 0;
		};
/* End PBXFrameworksBuildPhase section */

/* Begin PBXGroup section */
		B32D6EE21D5AD89700458D92 = {
			isa = PBXGroup;
			children = (
				B32D6EED1D5AD89700458D92 /* Vilhelmina */,
				B32D6EEC1D5AD89700458D92 /* Products */,
			);
			sourceTree = "<group>";
		};
		B32D6EEC1D5AD89700458D92 /* Products */ = {
			isa = PBXGroup;
			children = (
				B32D6EEB1D5AD89700458D92 /* Vilhelmina.app */,
			);
			name = Products;
			sourceTree = "<group>";
		};
		B32D6EED1D5AD89700458D92 /* Vilhelmina */ = {
			isa = PBXGroup;
			children = (
				B32D6F001D5ADADB00458D92 /* Common */,
				B32D6F011D5ADAE800458D92 /* Modules */,
				B32D6F021D5ADAF300458D92 /* Supporting Files */,
			);
			path = Vilhelmina;
			sourceTree = "<group>";
		};
		B32D6F001D5ADADB00458D92 /* Common */ = {
			isa = PBXGroup;
			children = (
				B32D6EEE1D5AD89700458D92 /* AppDelegate.swift */,
				B32D6F041D5ADB1800458D92 /* Assets */,
				B32D6F261D5AE1DC00458D92 /* Networking */,
				B32D6F0F1D5ADC9C00458D92 /* Protocols */,
				B32D6F131D5ADCDE00458D92 /* RootWireframe.swift */,
				B32D6F031D5ADAFD00458D92 /* Storyboards */,
			);
			name = Common;
			sourceTree = "<group>";
		};
		B32D6F011D5ADAE800458D92 /* Modules */ = {
			isa = PBXGroup;
			children = (
				B32D6F691D5B6B3600458D92 /* SubmissionList */,
				B32D6F061D5ADB9200458D92 /* Bootstrap */,
			);
			name = Modules;
			sourceTree = "<group>";
		};
		B32D6F021D5ADAF300458D92 /* Supporting Files */ = {
			isa = PBXGroup;
			children = (
				B32D6EFA1D5AD89700458D92 /* Info.plist */,
			);
			name = "Supporting Files";
			sourceTree = "<group>";
		};
		B32D6F031D5ADAFD00458D92 /* Storyboards */ = {
			isa = PBXGroup;
			children = (
				B32D6EF21D5AD89700458D92 /* Main.storyboard */,
				B32D6EF71D5AD89700458D92 /* LaunchScreen.storyboard */,
			);
			name = Storyboards;
			sourceTree = "<group>";
		};
		B32D6F041D5ADB1800458D92 /* Assets */ = {
			isa = PBXGroup;
			children = (
				B32D6F051D5ADB1D00458D92 /* Images */,
			);
			name = Assets;
			sourceTree = "<group>";
		};
		B32D6F051D5ADB1D00458D92 /* Images */ = {
			isa = PBXGroup;
			children = (
				B32D6EF51D5AD89700458D92 /* Assets.xcassets */,
			);
			name = Images;
			sourceTree = "<group>";
		};
		B32D6F061D5ADB9200458D92 /* Bootstrap */ = {
			isa = PBXGroup;
			children = (
				B32D6F071D5ADB9D00458D92 /* BootstrapDataManager.swift */,
				B32D6F081D5ADB9D00458D92 /* BootstrapInteractor.swift */,
				B32D6F091D5ADB9D00458D92 /* BootstrapPresenter.swift */,
				B32D6F0A1D5ADB9D00458D92 /* BootstrapView.swift */,
			);
			name = Bootstrap;
			sourceTree = "<group>";
		};
		B32D6F0F1D5ADC9C00458D92 /* Protocols */ = {
			isa = PBXGroup;
			children = (
				B32D6F111D5ADCBF00458D92 /* Routable.swift */,
			);
			name = Protocols;
			sourceTree = "<group>";
		};
		B32D6F261D5AE1DC00458D92 /* Networking */ = {
			isa = PBXGroup;
			children = (
				B32D6F551D5AE22400458D92 /* NetworkLayerConfiguration.swift */,
				B32D6F271D5AE1E800458D92 /* Backend */,
				B32D6F2C1D5AE1E800458D92 /* Core Mapping */,
				B32D6F2F1D5AE1E800458D92 /* Core Networking */,
				B32D6F331D5AE1E800458D92 /* Helpers */,
				B32D6F351D5AE1E800458D92 /* Models */,
				B32D6F391D5AE1E800458D92 /* Mappers */,
				B32D6F3C1D5AE1E800458D92 /* Operations */,
				B32D6F3F1D5AE1E800458D92 /* Requests */,
			);
			name = Networking;
			sourceTree = "<group>";
		};
		B32D6F271D5AE1E800458D92 /* Backend */ = {
			isa = PBXGroup;
			children = (
				B32D6F281D5AE1E800458D92 /* BackendAPIRequest.swift */,
				B32D6F291D5AE1E800458D92 /* BackendConfiguration.swift */,
				B32D6F2A1D5AE1E800458D92 /* BackendService.swift */,
				B32D6F2B1D5AE1E800458D92 /* ServiceOperation.swift */,
				B32D6F5F1D5B3DD000458D92 /* BackendAuth.swift */,
			);
			name = Backend;
			path = Common/Networking/Backend;
			sourceTree = "<group>";
		};
		B32D6F2C1D5AE1E800458D92 /* Core Mapping */ = {
			isa = PBXGroup;
			children = (
				B32D6F2D1D5AE1E800458D92 /* ArrayResponseMapper.swift */,
				B32D6F2E1D5AE1E800458D92 /* ResponseMapper.swift */,
			);
			name = "Core Mapping";
			path = "Common/Networking/Core Mapping";
			sourceTree = "<group>";
		};
		B32D6F2F1D5AE1E800458D92 /* Core Networking */ = {
			isa = PBXGroup;
			children = (
				B32D6F301D5AE1E800458D92 /* NetworkOperation.swift */,
				B32D6F311D5AE1E800458D92 /* NetworkQueue.swift */,
				B32D6F321D5AE1E800458D92 /* NetworkService.swift */,
			);
			name = "Core Networking";
			path = "Common/Networking/Core Networking";
			sourceTree = "<group>";
		};
		B32D6F331D5AE1E800458D92 /* Helpers */ = {
			isa = PBXGroup;
			children = (
				B32D6F341D5AE1E800458D92 /* NSError+Failure.swift */,
			);
			name = Helpers;
			path = Common/Networking/Helpers;
			sourceTree = "<group>";
		};
		B32D6F351D5AE1E800458D92 /* Models */ = {
			isa = PBXGroup;
			children = (
				B32D6F361D5AE1E800458D92 /* ParsedItem.swift */,
				B32D6F371D5AE1E800458D92 /* SignInItem.swift */,
				B32D6F5D1D5B348300458D92 /* ProjectItem.swift */,
				B32D6F611D5B545400458D92 /* ProjectTaskformItem.swift */,
				B32D6F7E1D5DF16200458D92 /* ProjectTaskformQuestionItem.swift */,
				B32D6F881D5E0A7E00458D92 /* ProjectTaskformSubmissionItem.swift */,
				B32D6F8A1D5E0ACC00458D92 /* ProjectTaskformAnswerItem.swift */,
			);
			name = Models;
			path = Common/Networking/Items;
			sourceTree = "<group>";
		};
		B32D6F391D5AE1E800458D92 /* Mappers */ = {
			isa = PBXGroup;
			children = (
				B32D6F5B1D5B33C800458D92 /* ProjectsRetrivalResponseMapper.swift */,
				B32D6F8C1D5E0C2E00458D92 /* ProjectTaskformAnswersMapper.swift */,
				B32D6F821D5DF9C000458D92 /* ProjectTaskformQuestionsMapper.swift */,
				B32D6F631D5B54A900458D92 /* ProjectTaskformsResponseMapper.swift */,
				B32D6F841D5DFF2E00458D92 /* ProjectTaskformsWithQuestionsResponseMapper.swift */,
				B32D6F3A1D5AE1E800458D92 /* ResponseMapper.swift */,
				B32D6F3B1D5AE1E800458D92 /* SignInResponseMapper.swift */,
				B32D6F8E1D5E0E1500458D92 /* ProjectTaskformSubmissionsMapper.swift */,
			);
			name = Mappers;
			path = Common/Networking/Mappers;
			sourceTree = "<group>";
		};
		B32D6F3C1D5AE1E800458D92 /* Operations */ = {
			isa = PBXGroup;
			children = (
				B32D6F3D1D5AE1E800458D92 /* SignInOperation.swift */,
				B32D6F571D5B315000458D92 /* ProjectsRetrivalOperation.swift */,
				B32D6F671D5B558C00458D92 /* ProjectTaskformsOperation.swift */,
				B32D6F861D5DFFF700458D92 /* ProjectTaskformWithQuestionsOperation.swift */,
				B32D6F901D5E0EBE00458D92 /* ProjectTaskformSubmissionsOperation.swift */,
			);
			name = Operations;
			path = Common/Networking/Operations;
			sourceTree = "<group>";
		};
		B32D6F3F1D5AE1E800458D92 /* Requests */ = {
			isa = PBXGroup;
			children = (
				B32D6F401D5AE1E800458D92 /* SignInRequest.swift */,
				B32D6F591D5B32AC00458D92 /* ProjectsRetrivalRequest.swift */,
				B32D6F651D5B54EE00458D92 /* ProjectTaskformsRequest.swift */,
				B32D6F741D5DEAB300458D92 /* ProjectTaskformQuestionsRequest.swift */,
				B32D6F761D5DEAC700458D92 /* ProjectTaskformSubmissionsRequest.swift */,
			);
			name = Requests;
			path = Common/Networking/Requests;
			sourceTree = "<group>";
		};
		B32D6F691D5B6B3600458D92 /* SubmissionList */ = {
			isa = PBXGroup;
			children = (
				B32D6F701D5B6C0000458D92 /* SubmissionListDataManager.swift */,
				B32D6F6E1D5B6BDC00458D92 /* SubmissionListInteractor.swift */,
				B32D6F6C1D5B6BAE00458D92 /* SubmissionListPresenter.swift */,
				B32D6F6A1D5B6B9900458D92 /* SubmissionListView.swift */,
				B32D6F721D5CAFF300458D92 /* ProjectTaskformsListView.swift */,
			);
			name = SubmissionList;
			sourceTree = "<group>";
		};
/* End PBXGroup section */

/* Begin PBXNativeTarget section */
		B32D6EEA1D5AD89700458D92 /* Vilhelmina */ = {
			isa = PBXNativeTarget;
			buildConfigurationList = B32D6EFD1D5AD89700458D92 /* Build configuration list for PBXNativeTarget "Vilhelmina" */;
			buildPhases = (
				B32D6EE71D5AD89700458D92 /* Sources */,
				B32D6EE81D5AD89700458D92 /* Frameworks */,
				B32D6EE91D5AD89700458D92 /* Resources */,
			);
			buildRules = (
			);
			dependencies = (
			);
			name = Vilhelmina;
			productName = Vilhelmina;
			productReference = B32D6EEB1D5AD89700458D92 /* Vilhelmina.app */;
			productType = "com.apple.product-type.application";
		};
/* End PBXNativeTarget section */

/* Begin PBXProject section */
		B32D6EE31D5AD89700458D92 /* Project object */ = {
			isa = PBXProject;
			attributes = {
				LastSwiftUpdateCheck = 0730;
				LastUpgradeCheck = 0730;
				ORGANIZATIONNAME = "Muhammed Said Özcan";
				TargetAttributes = {
					B32D6EEA1D5AD89700458D92 = {
						CreatedOnToolsVersion = 7.3;
					};
				};
			};
			buildConfigurationList = B32D6EE61D5AD89700458D92 /* Build configuration list for PBXProject "Vilhelmina" */;
			compatibilityVersion = "Xcode 3.2";
			developmentRegion = English;
			hasScannedForEncodings = 0;
			knownRegions = (
				en,
				Base,
			);
			mainGroup = B32D6EE21D5AD89700458D92;
			productRefGroup = B32D6EEC1D5AD89700458D92 /* Products */;
			projectDirPath = "";
			projectRoot = "";
			targets = (
				B32D6EEA1D5AD89700458D92 /* Vilhelmina */,
			);
		};
/* End PBXProject section */

/* Begin PBXResourcesBuildPhase section */
		B32D6EE91D5AD89700458D92 /* Resources */ = {
			isa = PBXResourcesBuildPhase;
			buildActionMask = 2147483647;
			files = (
				B32D6EF91D5AD89700458D92 /* LaunchScreen.storyboard in Resources */,
				B32D6EF61D5AD89700458D92 /* Assets.xcassets in Resources */,
				B32D6EF41D5AD89700458D92 /* Main.storyboard in Resources */,
			);
			runOnlyForDeploymentPostprocessing = 0;
		};
/* End PBXResourcesBuildPhase section */

/* Begin PBXSourcesBuildPhase section */
		B32D6EE71D5AD89700458D92 /* Sources */ = {
			isa = PBXSourcesBuildPhase;
			buildActionMask = 2147483647;
			files = (
				B32D6F581D5B315000458D92 /* ProjectsRetrivalOperation.swift in Sources */,
				B32D6F621D5B545400458D92 /* ProjectTaskformItem.swift in Sources */,
				B32D6F911D5E0EBE00458D92 /* ProjectTaskformSubmissionsOperation.swift in Sources */,
				B32D6F5E1D5B348300458D92 /* ProjectItem.swift in Sources */,
				B32D6F601D5B3DD000458D92 /* BackendAuth.swift in Sources */,
				B32D6F0B1D5ADB9D00458D92 /* BootstrapDataManager.swift in Sources */,
				B32D6F4B1D5AE1E800458D92 /* NSError+Failure.swift in Sources */,
				B32D6F751D5DEAB300458D92 /* ProjectTaskformQuestionsRequest.swift in Sources */,
				B32D6F431D5AE1E800458D92 /* BackendConfiguration.swift in Sources */,
				B32D6F871D5DFFF700458D92 /* ProjectTaskformWithQuestionsOperation.swift in Sources */,
				B32D6F121D5ADCBF00458D92 /* Routable.swift in Sources */,
				B32D6F461D5AE1E800458D92 /* ArrayResponseMapper.swift in Sources */,
				B32D6F771D5DEAC700458D92 /* ProjectTaskformSubmissionsRequest.swift in Sources */,
				B32D6F501D5AE1E800458D92 /* SignInResponseMapper.swift in Sources */,
				B32D6F531D5AE1E800458D92 /* SignInRequest.swift in Sources */,
				B32D6F6F1D5B6BDC00458D92 /* SubmissionListInteractor.swift in Sources */,
				B32D6F891D5E0A7E00458D92 /* ProjectTaskformSubmissionItem.swift in Sources */,
				B32D6F451D5AE1E800458D92 /* ServiceOperation.swift in Sources */,
				B32D6F491D5AE1E800458D92 /* NetworkQueue.swift in Sources */,
				B32D6F5A1D5B32AC00458D92 /* ProjectsRetrivalRequest.swift in Sources */,
				B32D6F7F1D5DF16200458D92 /* ProjectTaskformQuestionItem.swift in Sources */,
				B32D6F511D5AE1E800458D92 /* SignInOperation.swift in Sources */,
				B32D6F141D5ADCDE00458D92 /* RootWireframe.swift in Sources */,
				B32D6F6D1D5B6BAE00458D92 /* SubmissionListPresenter.swift in Sources */,
				B32D6F481D5AE1E800458D92 /* NetworkOperation.swift in Sources */,
				B32D6F851D5DFF2E00458D92 /* ProjectTaskformsWithQuestionsResponseMapper.swift in Sources */,
				B32D6F8F1D5E0E1500458D92 /* ProjectTaskformSubmissionsMapper.swift in Sources */,
				B32D6F711D5B6C0000458D92 /* SubmissionListDataManager.swift in Sources */,
				B32D6F4F1D5AE1E800458D92 /* ResponseMapper.swift in Sources */,
				B32D6F731D5CAFF300458D92 /* ProjectTaskformsListView.swift in Sources */,
				B32D6F661D5B54EE00458D92 /* ProjectTaskformsRequest.swift in Sources */,
				B32D6F441D5AE1E800458D92 /* BackendService.swift in Sources */,
				B32D6F5C1D5B33C900458D92 /* ProjectsRetrivalResponseMapper.swift in Sources */,
				B32D6F0D1D5ADB9D00458D92 /* BootstrapPresenter.swift in Sources */,
				B32D6F4A1D5AE1E800458D92 /* NetworkService.swift in Sources */,
				B32D6F641D5B54A900458D92 /* ProjectTaskformsResponseMapper.swift in Sources */,
				B32D6F0C1D5ADB9D00458D92 /* BootstrapInteractor.swift in Sources */,
				B32D6F421D5AE1E800458D92 /* BackendAPIRequest.swift in Sources */,
				B32D6EEF1D5AD89700458D92 /* AppDelegate.swift in Sources */,
				B32D6F8D1D5E0C2E00458D92 /* ProjectTaskformAnswersMapper.swift in Sources */,
				B32D6F0E1D5ADB9D00458D92 /* BootstrapView.swift in Sources */,
				B32D6F681D5B558C00458D92 /* ProjectTaskformsOperation.swift in Sources */,
				B32D6F831D5DF9C000458D92 /* ProjectTaskformQuestionsMapper.swift in Sources */,
				B32D6F8B1D5E0ACC00458D92 /* ProjectTaskformAnswerItem.swift in Sources */,
				B32D6F4D1D5AE1E800458D92 /* SignInItem.swift in Sources */,
				B32D6F6B1D5B6B9900458D92 /* SubmissionListView.swift in Sources */,
				B32D6F4C1D5AE1E800458D92 /* ParsedItem.swift in Sources */,
				B32D6F561D5AE22400458D92 /* NetworkLayerConfiguration.swift in Sources */,
			);
			runOnlyForDeploymentPostprocessing = 0;
		};
/* End PBXSourcesBuildPhase section */

/* Begin PBXVariantGroup section */
		B32D6EF21D5AD89700458D92 /* Main.storyboard */ = {
			isa = PBXVariantGroup;
			children = (
				B32D6EF31D5AD89700458D92 /* Base */,
			);
			name = Main.storyboard;
			sourceTree = "<group>";
		};
		B32D6EF71D5AD89700458D92 /* LaunchScreen.storyboard */ = {
			isa = PBXVariantGroup;
			children = (
				B32D6EF81D5AD89700458D92 /* Base */,
			);
			name = LaunchScreen.storyboard;
			sourceTree = "<group>";
		};
/* End PBXVariantGroup section */

/* Begin XCBuildConfiguration section */
		B32D6EFB1D5AD89700458D92 /* Debug */ = {
			isa = XCBuildConfiguration;
			buildSettings = {
				ALWAYS_SEARCH_USER_PATHS = NO;
				CLANG_ANALYZER_NONNULL = YES;
				CLANG_CXX_LANGUAGE_STANDARD = "gnu++0x";
				CLANG_CXX_LIBRARY = "libc++";
				CLANG_ENABLE_MODULES = YES;
				CLANG_ENABLE_OBJC_ARC = YES;
				CLANG_WARN_BOOL_CONVERSION = YES;
				CLANG_WARN_CONSTANT_CONVERSION = YES;
				CLANG_WARN_DIRECT_OBJC_ISA_USAGE = YES_ERROR;
				CLANG_WARN_EMPTY_BODY = YES;
				CLANG_WARN_ENUM_CONVERSION = YES;
				CLANG_WARN_INT_CONVERSION = YES;
				CLANG_WARN_OBJC_ROOT_CLASS = YES_ERROR;
				CLANG_WARN_UNREACHABLE_CODE = YES;
				CLANG_WARN__DUPLICATE_METHOD_MATCH = YES;
				"CODE_SIGN_IDENTITY[sdk=iphoneos*]" = "iPhone Developer";
				COPY_PHASE_STRIP = NO;
				DEBUG_INFORMATION_FORMAT = dwarf;
				ENABLE_STRICT_OBJC_MSGSEND = YES;
				ENABLE_TESTABILITY = YES;
				GCC_C_LANGUAGE_STANDARD = gnu99;
				GCC_DYNAMIC_NO_PIC = NO;
				GCC_NO_COMMON_BLOCKS = YES;
				GCC_OPTIMIZATION_LEVEL = 0;
				GCC_PREPROCESSOR_DEFINITIONS = (
					"DEBUG=1",
					"$(inherited)",
				);
				GCC_WARN_64_TO_32_BIT_CONVERSION = YES;
				GCC_WARN_ABOUT_RETURN_TYPE = YES_ERROR;
				GCC_WARN_UNDECLARED_SELECTOR = YES;
				GCC_WARN_UNINITIALIZED_AUTOS = YES_AGGRESSIVE;
				GCC_WARN_UNUSED_FUNCTION = YES;
				GCC_WARN_UNUSED_VARIABLE = YES;
				IPHONEOS_DEPLOYMENT_TARGET = 9.3;
				MTL_ENABLE_DEBUG_INFO = YES;
				ONLY_ACTIVE_ARCH = YES;
				SDKROOT = iphoneos;
				SWIFT_OPTIMIZATION_LEVEL = "-Onone";
			};
			name = Debug;
		};
		B32D6EFC1D5AD89700458D92 /* Release */ = {
			isa = XCBuildConfiguration;
			buildSettings = {
				ALWAYS_SEARCH_USER_PATHS = NO;
				CLANG_ANALYZER_NONNULL = YES;
				CLANG_CXX_LANGUAGE_STANDARD = "gnu++0x";
				CLANG_CXX_LIBRARY = "libc++";
				CLANG_ENABLE_MODULES = YES;
				CLANG_ENABLE_OBJC_ARC = YES;
				CLANG_WARN_BOOL_CONVERSION = YES;
				CLANG_WARN_CONSTANT_CONVERSION = YES;
				CLANG_WARN_DIRECT_OBJC_ISA_USAGE = YES_ERROR;
				CLANG_WARN_EMPTY_BODY = YES;
				CLANG_WARN_ENUM_CONVERSION = YES;
				CLANG_WARN_INT_CONVERSION = YES;
				CLANG_WARN_OBJC_ROOT_CLASS = YES_ERROR;
				CLANG_WARN_UNREACHABLE_CODE = YES;
				CLANG_WARN__DUPLICATE_METHOD_MATCH = YES;
				"CODE_SIGN_IDENTITY[sdk=iphoneos*]" = "iPhone Developer";
				COPY_PHASE_STRIP = NO;
				DEBUG_INFORMATION_FORMAT = "dwarf-with-dsym";
				ENABLE_NS_ASSERTIONS = NO;
				ENABLE_STRICT_OBJC_MSGSEND = YES;
				GCC_C_LANGUAGE_STANDARD = gnu99;
				GCC_NO_COMMON_BLOCKS = YES;
				GCC_WARN_64_TO_32_BIT_CONVERSION = YES;
				GCC_WARN_ABOUT_RETURN_TYPE = YES_ERROR;
				GCC_WARN_UNDECLARED_SELECTOR = YES;
				GCC_WARN_UNINITIALIZED_AUTOS = YES_AGGRESSIVE;
				GCC_WARN_UNUSED_FUNCTION = YES;
				GCC_WARN_UNUSED_VARIABLE = YES;
				IPHONEOS_DEPLOYMENT_TARGET = 9.3;
				MTL_ENABLE_DEBUG_INFO = NO;
				SDKROOT = iphoneos;
				VALIDATE_PRODUCT = YES;
			};
			name = Release;
		};
		B32D6EFE1D5AD89700458D92 /* Debug */ = {
			isa = XCBuildConfiguration;
			buildSettings = {
				ASSETCATALOG_COMPILER_APPICON_NAME = AppIcon;
				INFOPLIST_FILE = "Vilhelmina/Supporting Files/Info.plist";
				IPHONEOS_DEPLOYMENT_TARGET = 9.0;
				LD_RUNPATH_SEARCH_PATHS = "$(inherited) @executable_path/Frameworks";
				PRODUCT_BUNDLE_IDENTIFIER = co.saidozcan.Vilhelmina;
				PRODUCT_NAME = "$(TARGET_NAME)";
			};
			name = Debug;
		};
		B32D6EFF1D5AD89700458D92 /* Release */ = {
			isa = XCBuildConfiguration;
			buildSettings = {
				ASSETCATALOG_COMPILER_APPICON_NAME = AppIcon;
				INFOPLIST_FILE = "Vilhelmina/Supporting Files/Info.plist";
				IPHONEOS_DEPLOYMENT_TARGET = 9.0;
				LD_RUNPATH_SEARCH_PATHS = "$(inherited) @executable_path/Frameworks";
				PRODUCT_BUNDLE_IDENTIFIER = co.saidozcan.Vilhelmina;
				PRODUCT_NAME = "$(TARGET_NAME)";
			};
			name = Release;
		};
/* End XCBuildConfiguration section */

/* Begin XCConfigurationList section */
		B32D6EE61D5AD89700458D92 /* Build configuration list for PBXProject "Vilhelmina" */ = {
			isa = XCConfigurationList;
			buildConfigurations = (
				B32D6EFB1D5AD89700458D92 /* Debug */,
				B32D6EFC1D5AD89700458D92 /* Release */,
			);
			defaultConfigurationIsVisible = 0;
			defaultConfigurationName = Release;
		};
		B32D6EFD1D5AD89700458D92 /* Build configuration list for PBXNativeTarget "Vilhelmina" */ = {
			isa = XCConfigurationList;
			buildConfigurations = (
				B32D6EFE1D5AD89700458D92 /* Debug */,
				B32D6EFF1D5AD89700458D92 /* Release */,
			);
			defaultConfigurationIsVisible = 0;
		};
/* End XCConfigurationList section */
	};
	rootObject = B32D6EE31D5AD89700458D92 /* Project object */;
}
